# Generated by pub
# See http://pub.dartlang.org/doc/glossary.html#lockfile
packages:
  browser:
    description: browser
    source: hosted
    version: "0.6.5"
  crypto:
    description: crypto
    source: hosted
    version: "0.6.5"
  formler:
    description: formler
    source: hosted
    version: "0.0.8"
  fukiya:
    description: fukiya
    source: hosted
    version: "0.1.9"
  google_maps:
    description: google_maps
    source: hosted
    version: "1.1.12"
  http:
    description: http
    source: hosted
    version: "0.6.5"
  js:
    description: js
    source: hosted
    version: "0.0.24"
  logging:
    description: logging
    source: hosted
    version: "0.6.5"
  meta:
    description: meta
    source: hosted
    version: "0.6.5"
  path:
    description: path
    source: hosted
    version: "0.6.5"
  static_file_handler:
    description: static_file_handler
    source: hosted
    version: "0.1.0"
  unittest:
    description: unittest
    source: hosted
    version: "0.6.5"
